// !$*UTF8*$!
{
	archiveVersion = 1;
	classes = {
	};
	objectVersion = 56;
	objects = {

/* Begin PBXBuildFile section */
		720F66492A3909BC001B6446 /* SampleDives.swift in Sources */ = {isa = PBXBuildFile; fileRef = 720F66482A3909BC001B6446 /* SampleDives.swift */; };
		720F664F2A3A2450001B6446 /* DiveDetail.swift in Sources */ = {isa = PBXBuildFile; fileRef = 720F664E2A3A2450001B6446 /* DiveDetail.swift */; };
		724608032A338A03005EAC46 /* DeepDiveApp.swift in Sources */ = {isa = PBXBuildFile; fileRef = 724608022A338A03005EAC46 /* DeepDiveApp.swift */; };
		724608052A338A03005EAC46 /* ContentView.swift in Sources */ = {isa = PBXBuildFile; fileRef = 724608042A338A03005EAC46 /* ContentView.swift */; };
		724608072A338A04005EAC46 /* Assets.xcassets in Resources */ = {isa = PBXBuildFile; fileRef = 724608062A338A04005EAC46 /* Assets.xcassets */; };
		7246080A2A338A04005EAC46 /* Preview Assets.xcassets in Resources */ = {isa = PBXBuildFile; fileRef = 724608092A338A04005EAC46 /* Preview Assets.xcassets */; };
		7246080C2A338A04005EAC46 /* Item.swift in Sources */ = {isa = PBXBuildFile; fileRef = 7246080B2A338A04005EAC46 /* Item.swift */; };
		724608182A338A04005EAC46 /* DeepDiveTests.swift in Sources */ = {isa = PBXBuildFile; fileRef = 724608172A338A04005EAC46 /* DeepDiveTests.swift */; };
		724608222A338A04005EAC46 /* DeepDiveUITests.swift in Sources */ = {isa = PBXBuildFile; fileRef = 724608212A338A04005EAC46 /* DeepDiveUITests.swift */; };
		724608242A338A04005EAC46 /* DeepDiveUITestsLaunchTests.swift in Sources */ = {isa = PBXBuildFile; fileRef = 724608232A338A04005EAC46 /* DeepDiveUITestsLaunchTests.swift */; };
		724608312A338A18005EAC46 /* Dive.swift in Sources */ = {isa = PBXBuildFile; fileRef = 724608302A338A18005EAC46 /* Dive.swift */; };
		724608332A338C95005EAC46 /* DiveCard.swift in Sources */ = {isa = PBXBuildFile; fileRef = 724608322A338C95005EAC46 /* DiveCard.swift */; };
		72D6D9B42A38D9BD00482547 /* PreviewSampleData.swift in Sources */ = {isa = PBXBuildFile; fileRef = 72D6D9B32A38D9BD00482547 /* PreviewSampleData.swift */; };
/* End PBXBuildFile section */

/* Begin PBXContainerItemProxy section */
		724608142A338A04005EAC46 /* PBXContainerItemProxy */ = {
			isa = PBXContainerItemProxy;
			containerPortal = 724607F72A338A03005EAC46 /* Project object */;
			proxyType = 1;
			remoteGlobalIDString = 724607FE2A338A03005EAC46;
			remoteInfo = DeepDive;
		};
		7246081E2A338A04005EAC46 /* PBXContainerItemProxy */ = {
			isa = PBXContainerItemProxy;
			containerPortal = 724607F72A338A03005EAC46 /* Project object */;
			proxyType = 1;
			remoteGlobalIDString = 724607FE2A338A03005EAC46;
			remoteInfo = DeepDive;
		};
/* End PBXContainerItemProxy section */

/* Begin PBXFileReference section */
		720F66482A3909BC001B6446 /* SampleDives.swift */ = {isa = PBXFileReference; fileEncoding = 4; lastKnownFileType = sourcecode.swift; path = SampleDives.swift; sourceTree = "<group>"; };
		720F664E2A3A2450001B6446 /* DiveDetail.swift */ = {isa = PBXFileReference; lastKnownFileType = sourcecode.swift; path = DiveDetail.swift; sourceTree = "<group>"; };
		724607FF2A338A03005EAC46 /* DeepDive.app */ = {isa = PBXFileReference; explicitFileType = wrapper.application; includeInIndex = 0; path = DeepDive.app; sourceTree = BUILT_PRODUCTS_DIR; };
		724608022A338A03005EAC46 /* DeepDiveApp.swift */ = {isa = PBXFileReference; lastKnownFileType = sourcecode.swift; path = DeepDiveApp.swift; sourceTree = "<group>"; };
		724608042A338A03005EAC46 /* ContentView.swift */ = {isa = PBXFileReference; lastKnownFileType = sourcecode.swift; path = ContentView.swift; sourceTree = "<group>"; };
		724608062A338A04005EAC46 /* Assets.xcassets */ = {isa = PBXFileReference; lastKnownFileType = folder.assetcatalog; path = Assets.xcassets; sourceTree = "<group>"; };
		724608092A338A04005EAC46 /* Preview Assets.xcassets */ = {isa = PBXFileReference; lastKnownFileType = folder.assetcatalog; path = "Preview Assets.xcassets"; sourceTree = "<group>"; };
		7246080B2A338A04005EAC46 /* Item.swift */ = {isa = PBXFileReference; lastKnownFileType = sourcecode.swift; path = Item.swift; sourceTree = "<group>"; };
		7246080D2A338A04005EAC46 /* DeepDive.entitlements */ = {isa = PBXFileReference; lastKnownFileType = text.plist.entitlements; path = DeepDive.entitlements; sourceTree = "<group>"; };
		7246080E2A338A04005EAC46 /* Info.plist */ = {isa = PBXFileReference; lastKnownFileType = text.plist.xml; path = Info.plist; sourceTree = "<group>"; };
		724608132A338A04005EAC46 /* DeepDiveTests.xctest */ = {isa = PBXFileReference; explicitFileType = wrapper.cfbundle; includeInIndex = 0; path = DeepDiveTests.xctest; sourceTree = BUILT_PRODUCTS_DIR; };
		724608172A338A04005EAC46 /* DeepDiveTests.swift */ = {isa = PBXFileReference; lastKnownFileType = sourcecode.swift; path = DeepDiveTests.swift; sourceTree = "<group>"; };
		7246081D2A338A04005EAC46 /* DeepDiveUITests.xctest */ = {isa = PBXFileReference; explicitFileType = wrapper.cfbundle; includeInIndex = 0; path = DeepDiveUITests.xctest; sourceTree = BUILT_PRODUCTS_DIR; };
		724608212A338A04005EAC46 /* DeepDiveUITests.swift */ = {isa = PBXFileReference; lastKnownFileType = sourcecode.swift; path = DeepDiveUITests.swift; sourceTree = "<group>"; };
		724608232A338A04005EAC46 /* DeepDiveUITestsLaunchTests.swift */ = {isa = PBXFileReference; lastKnownFileType = sourcecode.swift; path = DeepDiveUITestsLaunchTests.swift; sourceTree = "<group>"; };
		724608302A338A18005EAC46 /* Dive.swift */ = {isa = PBXFileReference; lastKnownFileType = sourcecode.swift; path = Dive.swift; sourceTree = "<group>"; };
		724608322A338C95005EAC46 /* DiveCard.swift */ = {isa = PBXFileReference; lastKnownFileType = sourcecode.swift; path = DiveCard.swift; sourceTree = "<group>"; };
		72D6D9B32A38D9BD00482547 /* PreviewSampleData.swift */ = {isa = PBXFileReference; lastKnownFileType = sourcecode.swift; path = PreviewSampleData.swift; sourceTree = "<group>"; };
/* End PBXFileReference section */

/* Begin PBXFrameworksBuildPhase section */
		724607FC2A338A03005EAC46 /* Frameworks */ = {
			isa = PBXFrameworksBuildPhase;
			buildActionMask = 2147483647;
			files = (
			);
			runOnlyForDeploymentPostprocessing = 0;
		};
		724608102A338A04005EAC46 /* Frameworks */ = {
			isa = PBXFrameworksBuildPhase;
			buildActionMask = 2147483647;
			files = (
			);
			runOnlyForDeploymentPostprocessing = 0;
		};
		7246081A2A338A04005EAC46 /* Frameworks */ = {
			isa = PBXFrameworksBuildPhase;
			buildActionMask = 2147483647;
			files = (
			);
			runOnlyForDeploymentPostprocessing = 0;
		};
/* End PBXFrameworksBuildPhase section */

/* Begin PBXGroup section */
		724607F62A338A03005EAC46 = {
			isa = PBXGroup;
			children = (
				724608012A338A03005EAC46 /* DeepDive */,
				724608162A338A04005EAC46 /* DeepDiveTests */,
				724608202A338A04005EAC46 /* DeepDiveUITests */,
				724608002A338A03005EAC46 /* Products */,
			);
			sourceTree = "<group>";
		};
		724608002A338A03005EAC46 /* Products */ = {
			isa = PBXGroup;
			children = (
				724607FF2A338A03005EAC46 /* DeepDive.app */,
				724608132A338A04005EAC46 /* DeepDiveTests.xctest */,
				7246081D2A338A04005EAC46 /* DeepDiveUITests.xctest */,
			);
			name = Products;
			sourceTree = "<group>";
		};
		724608012A338A03005EAC46 /* DeepDive */ = {
			isa = PBXGroup;
			children = (
				72D6D9B62A38DADD00482547 /* Views */,
				72D6D9B52A38D9C400482547 /* Support */,
				72F4EA422A38D52400A3C075 /* Model */,
				724608022A338A03005EAC46 /* DeepDiveApp.swift */,
				724608062A338A04005EAC46 /* Assets.xcassets */,
				7246080D2A338A04005EAC46 /* DeepDive.entitlements */,
				7246080E2A338A04005EAC46 /* Info.plist */,
				724608082A338A04005EAC46 /* Preview Content */,
			);
			path = DeepDive;
			sourceTree = "<group>";
		};
		724608082A338A04005EAC46 /* Preview Content */ = {
			isa = PBXGroup;
			children = (
				724608092A338A04005EAC46 /* Preview Assets.xcassets */,
			);
			path = "Preview Content";
			sourceTree = "<group>";
		};
		724608162A338A04005EAC46 /* DeepDiveTests */ = {
			isa = PBXGroup;
			children = (
				724608172A338A04005EAC46 /* DeepDiveTests.swift */,
			);
			path = DeepDiveTests;
			sourceTree = "<group>";
		};
		724608202A338A04005EAC46 /* DeepDiveUITests */ = {
			isa = PBXGroup;
			children = (
				724608212A338A04005EAC46 /* DeepDiveUITests.swift */,
				724608232A338A04005EAC46 /* DeepDiveUITestsLaunchTests.swift */,
			);
			path = DeepDiveUITests;
			sourceTree = "<group>";
		};
		72D6D9B52A38D9C400482547 /* Support */ = {
			isa = PBXGroup;
			children = (
				72D6D9B32A38D9BD00482547 /* PreviewSampleData.swift */,
			);
			path = Support;
			sourceTree = "<group>";
		};
		72D6D9B62A38DADD00482547 /* Views */ = {
			isa = PBXGroup;
			children = (
				724608042A338A03005EAC46 /* ContentView.swift */,
				720F664E2A3A2450001B6446 /* DiveDetail.swift */,
				724608322A338C95005EAC46 /* DiveCard.swift */,
			);
			path = Views;
			sourceTree = "<group>";
		};
		72F4EA422A38D52400A3C075 /* Model */ = {
			isa = PBXGroup;
			children = (
				720F66482A3909BC001B6446 /* SampleDives.swift */,
				7246080B2A338A04005EAC46 /* Item.swift */,
				724608302A338A18005EAC46 /* Dive.swift */,
			);
			path = Model;
			sourceTree = "<group>";
		};
/* End PBXGroup section */

/* Begin PBXNativeTarget section */
		724607FE2A338A03005EAC46 /* DeepDive */ = {
			isa = PBXNativeTarget;
			buildConfigurationList = 724608272A338A04005EAC46 /* Build configuration list for PBXNativeTarget "DeepDive" */;
			buildPhases = (
				724607FB2A338A03005EAC46 /* Sources */,
				724607FC2A338A03005EAC46 /* Frameworks */,
				724607FD2A338A03005EAC46 /* Resources */,
			);
			buildRules = (
			);
			dependencies = (
			);
			name = DeepDive;
			productName = DeepDive;
			productReference = 724607FF2A338A03005EAC46 /* DeepDive.app */;
			productType = "com.apple.product-type.application";
		};
		724608122A338A04005EAC46 /* DeepDiveTests */ = {
			isa = PBXNativeTarget;
			buildConfigurationList = 7246082A2A338A04005EAC46 /* Build configuration list for PBXNativeTarget "DeepDiveTests" */;
			buildPhases = (
				7246080F2A338A04005EAC46 /* Sources */,
				724608102A338A04005EAC46 /* Frameworks */,
				724608112A338A04005EAC46 /* Resources */,
			);
			buildRules = (
			);
			dependencies = (
				724608152A338A04005EAC46 /* PBXTargetDependency */,
			);
			name = DeepDiveTests;
			productName = DeepDiveTests;
			productReference = 724608132A338A04005EAC46 /* DeepDiveTests.xctest */;
			productType = "com.apple.product-type.bundle.unit-test";
		};
		7246081C2A338A04005EAC46 /* DeepDiveUITests */ = {
			isa = PBXNativeTarget;
			buildConfigurationList = 7246082D2A338A04005EAC46 /* Build configuration list for PBXNativeTarget "DeepDiveUITests" */;
			buildPhases = (
				724608192A338A04005EAC46 /* Sources */,
				7246081A2A338A04005EAC46 /* Frameworks */,
				7246081B2A338A04005EAC46 /* Resources */,
			);
			buildRules = (
			);
			dependencies = (
				7246081F2A338A04005EAC46 /* PBXTargetDependency */,
			);
			name = DeepDiveUITests;
			productName = DeepDiveUITests;
			productReference = 7246081D2A338A04005EAC46 /* DeepDiveUITests.xctest */;
			productType = "com.apple.product-type.bundle.ui-testing";
		};
/* End PBXNativeTarget section */

/* Begin PBXProject section */
		724607F72A338A03005EAC46 /* Project object */ = {
			isa = PBXProject;
			attributes = {
				BuildIndependentTargetsInParallel = 1;
				LastSwiftUpdateCheck = 1500;
				LastUpgradeCheck = 1500;
				TargetAttributes = {
					724607FE2A338A03005EAC46 = {
						CreatedOnToolsVersion = 15.0;
					};
					724608122A338A04005EAC46 = {
						CreatedOnToolsVersion = 15.0;
						TestTargetID = 724607FE2A338A03005EAC46;
					};
					7246081C2A338A04005EAC46 = {
						CreatedOnToolsVersion = 15.0;
						TestTargetID = 724607FE2A338A03005EAC46;
					};
				};
			};
			buildConfigurationList = 724607FA2A338A03005EAC46 /* Build configuration list for PBXProject "DeepDive" */;
			compatibilityVersion = "Xcode 14.0";
			developmentRegion = en;
			hasScannedForEncodings = 0;
			knownRegions = (
				en,
				Base,
			);
			mainGroup = 724607F62A338A03005EAC46;
			productRefGroup = 724608002A338A03005EAC46 /* Products */;
			projectDirPath = "";
			projectRoot = "";
			targets = (
				724607FE2A338A03005EAC46 /* DeepDive */,
				724608122A338A04005EAC46 /* DeepDiveTests */,
				7246081C2A338A04005EAC46 /* DeepDiveUITests */,
			);
		};
/* End PBXProject section */

/* Begin PBXResourcesBuildPhase section */
		724607FD2A338A03005EAC46 /* Resources */ = {
			isa = PBXResourcesBuildPhase;
			buildActionMask = 2147483647;
			files = (
				7246080A2A338A04005EAC46 /* Preview Assets.xcassets in Resources */,
				724608072A338A04005EAC46 /* Assets.xcassets in Resources */,
			);
			runOnlyForDeploymentPostprocessing = 0;
		};
		724608112A338A04005EAC46 /* Resources */ = {
			isa = PBXResourcesBuildPhase;
			buildActionMask = 2147483647;
			files = (
			);
			runOnlyForDeploymentPostprocessing = 0;
		};
		7246081B2A338A04005EAC46 /* Resources */ = {
			isa = PBXResourcesBuildPhase;
			buildActionMask = 2147483647;
			files = (
			);
			runOnlyForDeploymentPostprocessing = 0;
		};
/* End PBXResourcesBuildPhase section */

/* Begin PBXSourcesBuildPhase section */
		724607FB2A338A03005EAC46 /* Sources */ = {
			isa = PBXSourcesBuildPhase;
			buildActionMask = 2147483647;
			files = (
				720F66492A3909BC001B6446 /* SampleDives.swift in Sources */,
				724608332A338C95005EAC46 /* DiveCard.swift in Sources */,
				724608052A338A03005EAC46 /* ContentView.swift in Sources */,
				724608312A338A18005EAC46 /* Dive.swift in Sources */,
				72D6D9B42A38D9BD00482547 /* PreviewSampleData.swift in Sources */,
				7246080C2A338A04005EAC46 /* Item.swift in Sources */,
				720F664F2A3A2450001B6446 /* DiveDetail.swift in Sources */,
				724608032A338A03005EAC46 /* DeepDiveApp.swift in Sources */,
			);
			runOnlyForDeploymentPostprocessing = 0;
		};
		7246080F2A338A04005EAC46 /* Sources */ = {
			isa = PBXSourcesBuildPhase;
			buildActionMask = 2147483647;
			files = (
				724608182A338A04005EAC46 /* DeepDiveTests.swift in Sources */,
			);
			runOnlyForDeploymentPostprocessing = 0;
		};
		724608192A338A04005EAC46 /* Sources */ = {
			isa = PBXSourcesBuildPhase;
			buildActionMask = 2147483647;
			files = (
				724608242A338A04005EAC46 /* DeepDiveUITestsLaunchTests.swift in Sources */,
				724608222A338A04005EAC46 /* DeepDiveUITests.swift in Sources */,
			);
			runOnlyForDeploymentPostprocessing = 0;
		};
/* End PBXSourcesBuildPhase section */

/* Begin PBXTargetDependency section */
		724608152A338A04005EAC46 /* PBXTargetDependency */ = {
			isa = PBXTargetDependency;
			target = 724607FE2A338A03005EAC46 /* DeepDive */;
			targetProxy = 724608142A338A04005EAC46 /* PBXContainerItemProxy */;
		};
		7246081F2A338A04005EAC46 /* PBXTargetDependency */ = {
			isa = PBXTargetDependency;
			target = 724607FE2A338A03005EAC46 /* DeepDive */;
			targetProxy = 7246081E2A338A04005EAC46 /* PBXContainerItemProxy */;
		};
/* End PBXTargetDependency section */

/* Begin XCBuildConfiguration section */
		724608252A338A04005EAC46 /* Debug */ = {
			isa = XCBuildConfiguration;
			buildSettings = {
				ALWAYS_SEARCH_USER_PATHS = NO;
				ASSETCATALOG_COMPILER_GENERATE_SWIFT_ASSET_SYMBOL_EXTENSIONS = YES;
				CLANG_ANALYZER_NONNULL = YES;
				CLANG_ANALYZER_NUMBER_OBJECT_CONVERSION = YES_AGGRESSIVE;
				CLANG_CXX_LANGUAGE_STANDARD = "gnu++20";
				CLANG_ENABLE_MODULES = YES;
				CLANG_ENABLE_OBJC_ARC = YES;
				CLANG_ENABLE_OBJC_WEAK = YES;
				CLANG_WARN_BLOCK_CAPTURE_AUTORELEASING = YES;
				CLANG_WARN_BOOL_CONVERSION = YES;
				CLANG_WARN_COMMA = YES;
				CLANG_WARN_CONSTANT_CONVERSION = YES;
				CLANG_WARN_DEPRECATED_OBJC_IMPLEMENTATIONS = YES;
				CLANG_WARN_DIRECT_OBJC_ISA_USAGE = YES_ERROR;
				CLANG_WARN_DOCUMENTATION_COMMENTS = YES;
				CLANG_WARN_EMPTY_BODY = YES;
				CLANG_WARN_ENUM_CONVERSION = YES;
				CLANG_WARN_INFINITE_RECURSION = YES;
				CLANG_WARN_INT_CONVERSION = YES;
				CLANG_WARN_NON_LITERAL_NULL_CONVERSION = YES;
				CLANG_WARN_OBJC_IMPLICIT_RETAIN_SELF = YES;
				CLANG_WARN_OBJC_LITERAL_CONVERSION = YES;
				CLANG_WARN_OBJC_ROOT_CLASS = YES_ERROR;
				CLANG_WARN_QUOTED_INCLUDE_IN_FRAMEWORK_HEADER = YES;
				CLANG_WARN_RANGE_LOOP_ANALYSIS = YES;
				CLANG_WARN_STRICT_PROTOTYPES = YES;
				CLANG_WARN_SUSPICIOUS_MOVE = YES;
				CLANG_WARN_UNGUARDED_AVAILABILITY = YES_AGGRESSIVE;
				CLANG_WARN_UNREACHABLE_CODE = YES;
				CLANG_WARN__DUPLICATE_METHOD_MATCH = YES;
				COPY_PHASE_STRIP = NO;
				DEBUG_INFORMATION_FORMAT = dwarf;
				ENABLE_STRICT_OBJC_MSGSEND = YES;
				ENABLE_TESTABILITY = YES;
				ENABLE_USER_SCRIPT_SANDBOXING = YES;
				GCC_C_LANGUAGE_STANDARD = gnu17;
				GCC_DYNAMIC_NO_PIC = NO;
				GCC_NO_COMMON_BLOCKS = YES;
				GCC_OPTIMIZATION_LEVEL = 0;
				GCC_PREPROCESSOR_DEFINITIONS = (
					"DEBUG=1",
					"$(inherited)",
				);
				GCC_WARN_64_TO_32_BIT_CONVERSION = YES;
				GCC_WARN_ABOUT_RETURN_TYPE = YES_ERROR;
				GCC_WARN_UNDECLARED_SELECTOR = YES;
				GCC_WARN_UNINITIALIZED_AUTOS = YES_AGGRESSIVE;
				GCC_WARN_UNUSED_FUNCTION = YES;
				GCC_WARN_UNUSED_VARIABLE = YES;
				IPHONEOS_DEPLOYMENT_TARGET = 17.0;
				LOCALIZATION_PREFERS_STRING_CATALOGS = YES;
				MTL_ENABLE_DEBUG_INFO = INCLUDE_SOURCE;
				MTL_FAST_MATH = YES;
				ONLY_ACTIVE_ARCH = YES;
				SDKROOT = iphoneos;
				SWIFT_ACTIVE_COMPILATION_CONDITIONS = "DEBUG $(inherited)";
				SWIFT_OPTIMIZATION_LEVEL = "-Onone";
			};
			name = Debug;
		};
		724608262A338A04005EAC46 /* Release */ = {
			isa = XCBuildConfiguration;
			buildSettings = {
				ALWAYS_SEARCH_USER_PATHS = NO;
				ASSETCATALOG_COMPILER_GENERATE_SWIFT_ASSET_SYMBOL_EXTENSIONS = YES;
				CLANG_ANALYZER_NONNULL = YES;
				CLANG_ANALYZER_NUMBER_OBJECT_CONVERSION = YES_AGGRESSIVE;
				CLANG_CXX_LANGUAGE_STANDARD = "gnu++20";
				CLANG_ENABLE_MODULES = YES;
				CLANG_ENABLE_OBJC_ARC = YES;
				CLANG_ENABLE_OBJC_WEAK = YES;
				CLANG_WARN_BLOCK_CAPTURE_AUTORELEASING = YES;
				CLANG_WARN_BOOL_CONVERSION = YES;
				CLANG_WARN_COMMA = YES;
				CLANG_WARN_CONSTANT_CONVERSION = YES;
				CLANG_WARN_DEPRECATED_OBJC_IMPLEMENTATIONS = YES;
				CLANG_WARN_DIRECT_OBJC_ISA_USAGE = YES_ERROR;
				CLANG_WARN_DOCUMENTATION_COMMENTS = YES;
				CLANG_WARN_EMPTY_BODY = YES;
				CLANG_WARN_ENUM_CONVERSION = YES;
				CLANG_WARN_INFINITE_RECURSION = YES;
				CLANG_WARN_INT_CONVERSION = YES;
				CLANG_WARN_NON_LITERAL_NULL_CONVERSION = YES;
				CLANG_WARN_OBJC_IMPLICIT_RETAIN_SELF = YES;
				CLANG_WARN_OBJC_LITERAL_CONVERSION = YES;
				CLANG_WARN_OBJC_ROOT_CLASS = YES_ERROR;
				CLANG_WARN_QUOTED_INCLUDE_IN_FRAMEWORK_HEADER = YES;
				CLANG_WARN_RANGE_LOOP_ANALYSIS = YES;
				CLANG_WARN_STRICT_PROTOTYPES = YES;
				CLANG_WARN_SUSPICIOUS_MOVE = YES;
				CLANG_WARN_UNGUARDED_AVAILABILITY = YES_AGGRESSIVE;
				CLANG_WARN_UNREACHABLE_CODE = YES;
				CLANG_WARN__DUPLICATE_METHOD_MATCH = YES;
				COPY_PHASE_STRIP = NO;
				DEBUG_INFORMATION_FORMAT = "dwarf-with-dsym";
				ENABLE_NS_ASSERTIONS = NO;
				ENABLE_STRICT_OBJC_MSGSEND = YES;
				ENABLE_USER_SCRIPT_SANDBOXING = YES;
				GCC_C_LANGUAGE_STANDARD = gnu17;
				GCC_NO_COMMON_BLOCKS = YES;
				GCC_WARN_64_TO_32_BIT_CONVERSION = YES;
				GCC_WARN_ABOUT_RETURN_TYPE = YES_ERROR;
				GCC_WARN_UNDECLARED_SELECTOR = YES;
				GCC_WARN_UNINITIALIZED_AUTOS = YES_AGGRESSIVE;
				GCC_WARN_UNUSED_FUNCTION = YES;
				GCC_WARN_UNUSED_VARIABLE = YES;
				IPHONEOS_DEPLOYMENT_TARGET = 17.0;
				LOCALIZATION_PREFERS_STRING_CATALOGS = YES;
				MTL_ENABLE_DEBUG_INFO = NO;
				MTL_FAST_MATH = YES;
				SDKROOT = iphoneos;
				SWIFT_COMPILATION_MODE = wholemodule;
				VALIDATE_PRODUCT = YES;
			};
			name = Release;
		};
		724608282A338A04005EAC46 /* Debug */ = {
			isa = XCBuildConfiguration;
			buildSettings = {
				ASSETCATALOG_COMPILER_APPICON_NAME = AppIcon;
				ASSETCATALOG_COMPILER_GLOBAL_ACCENT_COLOR_NAME = AccentColor;
				CODE_SIGN_ENTITLEMENTS = DeepDive/DeepDive.entitlements;
				CODE_SIGN_STYLE = Automatic;
				CURRENT_PROJECT_VERSION = 1;
				DEVELOPMENT_ASSET_PATHS = "\"DeepDive/Preview Content\"";
				DEVELOPMENT_TEAM = 8VD49K824A;
				ENABLE_PREVIEWS = YES;
				GENERATE_INFOPLIST_FILE = YES;
				INFOPLIST_FILE = DeepDive/Info.plist;
				INFOPLIST_KEY_LSApplicationCategoryType = "public.app-category.lifestyle";
				INFOPLIST_KEY_UIApplicationSceneManifest_Generation = YES;
				INFOPLIST_KEY_UIApplicationSupportsIndirectInputEvents = YES;
				INFOPLIST_KEY_UILaunchScreen_Generation = YES;
				INFOPLIST_KEY_UISupportedInterfaceOrientations_iPad = "UIInterfaceOrientationPortrait UIInterfaceOrientationPortraitUpsideDown UIInterfaceOrientationLandscapeLeft UIInterfaceOrientationLandscapeRight";
				INFOPLIST_KEY_UISupportedInterfaceOrientations_iPhone = "UIInterfaceOrientationPortrait UIInterfaceOrientationLandscapeLeft UIInterfaceOrientationLandscapeRight";
				LD_RUNPATH_SEARCH_PATHS = (
					"$(inherited)",
					"@executable_path/Frameworks",
				);
				MARKETING_VERSION = 1.0;
				PRODUCT_BUNDLE_IDENTIFIER = com.nthmonkey.DeepDive;
				PRODUCT_NAME = "$(TARGET_NAME)";
				SWIFT_EMIT_LOC_STRINGS = YES;
				SWIFT_VERSION = 5.0;
				TARGETED_DEVICE_FAMILY = "1,2";
			};
			name = Debug;
		};
		724608292A338A04005EAC46 /* Release */ = {
			isa = XCBuildConfiguration;
			buildSettings = {
				ASSETCATALOG_COMPILER_APPICON_NAME = AppIcon;
				ASSETCATALOG_COMPILER_GLOBAL_ACCENT_COLOR_NAME = AccentColor;
				CODE_SIGN_ENTITLEMENTS = DeepDive/DeepDive.entitlements;
				CODE_SIGN_STYLE = Automatic;
				CURRENT_PROJECT_VERSION = 1;
				DEVELOPMENT_ASSET_PATHS = "\"DeepDive/Preview Content\"";
				DEVELOPMENT_TEAM = 8VD49K824A;
				ENABLE_PREVIEWS = YES;
				GENERATE_INFOPLIST_FILE = YES;
				INFOPLIST_FILE = DeepDive/Info.plist;
				INFOPLIST_KEY_LSApplicationCategoryType = "public.app-category.lifestyle";
				INFOPLIST_KEY_UIApplicationSceneManifest_Generation = YES;
				INFOPLIST_KEY_UIApplicationSupportsIndirectInputEvents = YES;
				INFOPLIST_KEY_UILaunchScreen_Generation = YES;
				INFOPLIST_KEY_UISupportedInterfaceOrientations_iPad = "UIInterfaceOrientationPortrait UIInterfaceOrientationPortraitUpsideDown UIInterfaceOrientationLandscapeLeft UIInterfaceOrientationLandscapeRight";
				INFOPLIST_KEY_UISupportedInterfaceOrientations_iPhone = "UIInterfaceOrientationPortrait UIInterfaceOrientationLandscapeLeft UIInterfaceOrientationLandscapeRight";
				LD_RUNPATH_SEARCH_PATHS = (
					"$(inherited)",
					"@executable_path/Frameworks",
				);
				MARKETING_VERSION = 1.0;
				PRODUCT_BUNDLE_IDENTIFIER = com.nthmonkey.DeepDive;
				PRODUCT_NAME = "$(TARGET_NAME)";
				SWIFT_EMIT_LOC_STRINGS = YES;
				SWIFT_VERSION = 5.0;
				TARGETED_DEVICE_FAMILY = "1,2";
			};
			name = Release;
		};
		7246082B2A338A04005EAC46 /* Debug */ = {
			isa = XCBuildConfiguration;
			buildSettings = {
				ALWAYS_EMBED_SWIFT_STANDARD_LIBRARIES = YES;
				BUNDLE_LOADER = "$(TEST_HOST)";
				CODE_SIGN_STYLE = Automatic;
				CURRENT_PROJECT_VERSION = 1;
				DEVELOPMENT_TEAM = 8VD49K824A;
				GENERATE_INFOPLIST_FILE = YES;
				IPHONEOS_DEPLOYMENT_TARGET = 17.0;
				MARKETING_VERSION = 1.0;
				PRODUCT_BUNDLE_IDENTIFIER = com.nthmonkey.DeepDiveTests;
				PRODUCT_NAME = "$(TARGET_NAME)";
				SWIFT_EMIT_LOC_STRINGS = NO;
				SWIFT_VERSION = 5.0;
				TARGETED_DEVICE_FAMILY = "1,2";
				TEST_HOST = "$(BUILT_PRODUCTS_DIR)/DeepDive.app/$(BUNDLE_EXECUTABLE_FOLDER_PATH)/DeepDive";
			};
			name = Debug;
		};
		7246082C2A338A04005EAC46 /* Release */ = {
			isa = XCBuildConfiguration;
			buildSettings = {
				ALWAYS_EMBED_SWIFT_STANDARD_LIBRARIES = YES;
				BUNDLE_LOADER = "$(TEST_HOST)";
				CODE_SIGN_STYLE = Automatic;
				CURRENT_PROJECT_VERSION = 1;
				DEVELOPMENT_TEAM = 8VD49K824A;
				GENERATE_INFOPLIST_FILE = YES;
				IPHONEOS_DEPLOYMENT_TARGET = 17.0;
				MARKETING_VERSION = 1.0;
				PRODUCT_BUNDLE_IDENTIFIER = com.nthmonkey.DeepDiveTests;
				PRODUCT_NAME = "$(TARGET_NAME)";
				SWIFT_EMIT_LOC_STRINGS = NO;
				SWIFT_VERSION = 5.0;
				TARGETED_DEVICE_FAMILY = "1,2";
				TEST_HOST = "$(BUILT_PRODUCTS_DIR)/DeepDive.app/$(BUNDLE_EXECUTABLE_FOLDER_PATH)/DeepDive";
			};
			name = Release;
		};
		7246082E2A338A04005EAC46 /* Debug */ = {
			isa = XCBuildConfiguration;
			buildSettings = {
				ALWAYS_EMBED_SWIFT_STANDARD_LIBRARIES = YES;
				CODE_SIGN_STYLE = Automatic;
				CURRENT_PROJECT_VERSION = 1;
				DEVELOPMENT_TEAM = 8VD49K824A;
				GENERATE_INFOPLIST_FILE = YES;
				MARKETING_VERSION = 1.0;
				PRODUCT_BUNDLE_IDENTIFIER = com.nthmonkey.DeepDiveUITests;
				PRODUCT_NAME = "$(TARGET_NAME)";
				SWIFT_EMIT_LOC_STRINGS = NO;
				SWIFT_VERSION = 5.0;
				TARGETED_DEVICE_FAMILY = "1,2";
				TEST_TARGET_NAME = DeepDive;
			};
			name = Debug;
		};
		7246082F2A338A04005EAC46 /* Release */ = {
			isa = XCBuildConfiguration;
			buildSettings = {
				ALWAYS_EMBED_SWIFT_STANDARD_LIBRARIES = YES;
				CODE_SIGN_STYLE = Automatic;
				CURRENT_PROJECT_VERSION = 1;
				DEVELOPMENT_TEAM = 8VD49K824A;
				GENERATE_INFOPLIST_FILE = YES;
				MARKETING_VERSION = 1.0;
				PRODUCT_BUNDLE_IDENTIFIER = com.nthmonkey.DeepDiveUITests;
				PRODUCT_NAME = "$(TARGET_NAME)";
				SWIFT_EMIT_LOC_STRINGS = NO;
				SWIFT_VERSION = 5.0;
				TARGETED_DEVICE_FAMILY = "1,2";
				TEST_TARGET_NAME = DeepDive;
			};
			name = Release;
		};
/* End XCBuildConfiguration section */

/* Begin XCConfigurationList section */
		724607FA2A338A03005EAC46 /* Build configuration list for PBXProject "DeepDive" */ = {
			isa = XCConfigurationList;
			buildConfigurations = (
				724608252A338A04005EAC46 /* Debug */,
				724608262A338A04005EAC46 /* Release */,
			);
			defaultConfigurationIsVisible = 0;
			defaultConfigurationName = Release;
		};
		724608272A338A04005EAC46 /* Build configuration list for PBXNativeTarget "DeepDive" */ = {
			isa = XCConfigurationList;
			buildConfigurations = (
				724608282A338A04005EAC46 /* Debug */,
				724608292A338A04005EAC46 /* Release */,
			);
			defaultConfigurationIsVisible = 0;
			defaultConfigurationName = Release;
		};
		7246082A2A338A04005EAC46 /* Build configuration list for PBXNativeTarget "DeepDiveTests" */ = {
			isa = XCConfigurationList;
			buildConfigurations = (
				7246082B2A338A04005EAC46 /* Debug */,
				7246082C2A338A04005EAC46 /* Release */,
			);
			defaultConfigurationIsVisible = 0;
			defaultConfigurationName = Release;
		};
		7246082D2A338A04005EAC46 /* Build configuration list for PBXNativeTarget "DeepDiveUITests" */ = {
			isa = XCConfigurationList;
			buildConfigurations = (
				7246082E2A338A04005EAC46 /* Debug */,
				7246082F2A338A04005EAC46 /* Release */,
			);
			defaultConfigurationIsVisible = 0;
			defaultConfigurationName = Release;
		};
/* End XCConfigurationList section */
	};
	rootObject = 724607F72A338A03005EAC46 /* Project object */;
}
